
Microsoft Visual Studio Solution File, Format Version 12.00
# Visual Studio Version 16
VisualStudioVersion = 16.0.29709.97
MinimumVisualStudioVersion = 10.0.40219.1
Project("{8BC9CEB8-8B4A-11D0-8D11-00A0C91BC942}") = "HelloWorld", "HelloWorld\HelloWorld.vcxproj", "{A95D4329-C7DB-4F22-AC05-61B4E7E46D45}"
EndProject
Project("{8BC9CEB8-8B4A-11D0-8D11-00A0C91BC942}") = "BOJ1260", "BOJ1260\BOJ1260.vcxproj", "{C110155C-7483-4D48-93D6-86F4EA91D96D}"
EndProject
Project("{8BC9CEB8-8B4A-11D0-8D11-00A0C91BC942}") = "BOJ2667", "BOJ2667\BOJ2667.vcxproj", "{8BF3DD6C-320D-42EE-B403-746409811486}"
EndProject
Project("{8BC9CEB8-8B4A-11D0-8D11-00A0C91BC942}") = "BOJ2178", "BOJ2178\BOJ2178.vcxproj", "{A65E521B-CA9A-4208-A522-775B7EAF9106}"
EndProject
Project("{8BC9CEB8-8B4A-11D0-8D11-00A0C91BC942}") = "BOJ1003", "BOJ1003\BOJ1003.vcxproj", "{FE418A2F-4315-4E3E-BD13-A1F42388557C}"
EndProject
Project("{8BC9CEB8-8B4A-11D0-8D11-00A0C91BC942}") = "BOJ2579", "BOJ2579\BOJ2579.vcxproj", "{3C740E44-ECA9-4744-9231-0F2053040001}"
EndProject
Global
	GlobalSection(SolutionConfigurationPlatforms) = preSolution
		Debug|x64 = Debug|x64
		Debug|x86 = Debug|x86
		Release|x64 = Release|x64
		Release|x86 = Release|x86
	EndGlobalSection
	GlobalSection(ProjectConfigurationPlatforms) = postSolution
		{A95D4329-C7DB-4F22-AC05-61B4E7E46D45}.Debug|x64.ActiveCfg = Debug|x64
		{A95D4329-C7DB-4F22-AC05-61B4E7E46D45}.Debug|x64.Build.0 = Debug|x64
		{A95D4329-C7DB-4F22-AC05-61B4E7E46D45}.Debug|x86.ActiveCfg = Debug|Win32
		{A95D4329-C7DB-4F22-AC05-61B4E7E46D45}.Debug|x86.Build.0 = Debug|Win32
		{A95D4329-C7DB-4F22-AC05-61B4E7E46D45}.Release|x64.ActiveCfg = Release|x64
		{A95D4329-C7DB-4F22-AC05-61B4E7E46D45}.Release|x64.Build.0 = Release|x64
		{A95D4329-C7DB-4F22-AC05-61B4E7E46D45}.Release|x86.ActiveCfg = Release|Win32
		{A95D4329-C7DB-4F22-AC05-61B4E7E46D45}.Release|x86.Build.0 = Release|Win32
		{C110155C-7483-4D48-93D6-86F4EA91D96D}.Debug|x64.ActiveCfg = Debug|x64
		{C110155C-7483-4D48-93D6-86F4EA91D96D}.Debug|x64.Build.0 = Debug|x64
		{C110155C-7483-4D48-93D6-86F4EA91D96D}.Debug|x86.ActiveCfg = Debug|Win32
		{C110155C-7483-4D48-93D6-86F4EA91D96D}.Debug|x86.Build.0 = Debug|Win32
		{C110155C-7483-4D48-93D6-86F4EA91D96D}.Release|x64.ActiveCfg = Release|x64
		{C110155C-7483-4D48-93D6-86F4EA91D96D}.Release|x64.Build.0 = Release|x64
		{C110155C-7483-4D48-93D6-86F4EA91D96D}.Release|x86.ActiveCfg = Release|Win32
		{C110155C-7483-4D48-93D6-86F4EA91D96D}.Release|x86.Build.0 = Release|Win32
		{8BF3DD6C-320D-42EE-B403-746409811486}.Debug|x64.ActiveCfg = Debug|x64
		{8BF3DD6C-320D-42EE-B403-746409811486}.Debug|x64.Build.0 = Debug|x64
		{8BF3DD6C-320D-42EE-B403-746409811486}.Debug|x86.ActiveCfg = Debug|Win32
		{8BF3DD6C-320D-42EE-B403-746409811486}.Debug|x86.Build.0 = Debug|Win32
		{8BF3DD6C-320D-42EE-B403-746409811486}.Release|x64.ActiveCfg = Release|x64
		{8BF3DD6C-320D-42EE-B403-746409811486}.Release|x64.Build.0 = Release|x64
		{8BF3DD6C-320D-42EE-B403-746409811486}.Release|x86.ActiveCfg = Release|Win32
		{8BF3DD6C-320D-42EE-B403-746409811486}.Release|x86.Build.0 = Release|Win32
		{A65E521B-CA9A-4208-A522-775B7EAF9106}.Debug|x64.ActiveCfg = Debug|x64
		{A65E521B-CA9A-4208-A522-775B7EAF9106}.Debug|x64.Build.0 = Debug|x64
		{A65E521B-CA9A-4208-A522-775B7EAF9106}.Debug|x86.ActiveCfg = Debug|Win32
		{A65E521B-CA9A-4208-A522-775B7EAF9106}.Debug|x86.Build.0 = Debug|Win32
		{A65E521B-CA9A-4208-A522-775B7EAF9106}.Release|x64.ActiveCfg = Release|x64
		{A65E521B-CA9A-4208-A522-775B7EAF9106}.Release|x64.Build.0 = Release|x64
		{A65E521B-CA9A-4208-A522-775B7EAF9106}.Release|x86.ActiveCfg = Release|Win32
		{A65E521B-CA9A-4208-A522-775B7EAF9106}.Release|x86.Build.0 = Release|Win32
		{FE418A2F-4315-4E3E-BD13-A1F42388557C}.Debug|x64.ActiveCfg = Debug|x64
		{FE418A2F-4315-4E3E-BD13-A1F42388557C}.Debug|x64.Build.0 = Debug|x64
		{FE418A2F-4315-4E3E-BD13-A1F42388557C}.Debug|x86.ActiveCfg = Debug|Win32
		{FE418A2F-4315-4E3E-BD13-A1F42388557C}.Debug|x86.Build.0 = Debug|Win32
		{FE418A2F-4315-4E3E-BD13-A1F42388557C}.Release|x64.ActiveCfg = Release|x64
		{FE418A2F-4315-4E3E-BD13-A1F42388557C}.Release|x64.Build.0 = Release|x64
		{FE418A2F-4315-4E3E-BD13-A1F42388557C}.Release|x86.ActiveCfg = Release|Win32
		{FE418A2F-4315-4E3E-BD13-A1F42388557C}.Release|x86.Build.0 = Release|Win32
		{3C740E44-ECA9-4744-9231-0F2053040001}.Debug|x64.ActiveCfg = Debug|x64
		{3C740E44-ECA9-4744-9231-0F2053040001}.Debug|x64.Build.0 = Debug|x64
		{3C740E44-ECA9-4744-9231-0F2053040001}.Debug|x86.ActiveCfg = Debug|Win32
		{3C740E44-ECA9-4744-9231-0F2053040001}.Debug|x86.Build.0 = Debug|Win32
		{3C740E44-ECA9-4744-9231-0F2053040001}.Release|x64.ActiveCfg = Release|x64
		{3C740E44-ECA9-4744-9231-0F2053040001}.Release|x64.Build.0 = Release|x64
		{3C740E44-ECA9-4744-9231-0F2053040001}.Release|x86.ActiveCfg = Release|Win32
		{3C740E44-ECA9-4744-9231-0F2053040001}.Release|x86.Build.0 = Release|Win32
	EndGlobalSection
	GlobalSection(SolutionProperties) = preSolution
		HideSolutionNode = FALSE
	EndGlobalSection
	GlobalSection(ExtensibilityGlobals) = postSolution
		SolutionGuid = {8C7D2FB0-1505-4668-AFF8-698A3EB0EE07}
	EndGlobalSection
EndGlobal
