
Microsoft Visual Studio Solution File, Format Version 12.00
# Visual Studio Version 16
VisualStudioVersion = 16.0.29709.97
MinimumVisualStudioVersion = 10.0.40219.1
Project("{8BC9CEB8-8B4A-11D0-8D11-00A0C91BC942}") = "SolvingProblem", "SolvingProblem\SolvingProblem.vcxproj", "{A25CE990-F2CC-44AF-9E1F-4D3EEB1440C3}"
EndProject
Project("{2150E333-8FDC-42A3-9474-1A3956D46DE8}") = "Solution Items", "Solution Items", "{58DD95D1-7A69-4E4A-8659-8132FE6C0ECF}"
	ProjectSection(SolutionItems) = preProject
		BOJ10026.md = BOJ10026.md
		BOJ1003.md = BOJ1003.md
		BOJ10093.md = BOJ10093.md
		BOJ1012.md = BOJ1012.md
		BOJ10162.md = BOJ10162.md
		BOJ10164.md = BOJ10164.md
		BOJ1021.md = BOJ1021.md
		BOJ10610.md = BOJ10610.md
		BOJ1074.md = BOJ1074.md
		BOJ10773.md = BOJ10773.md
		BOJ10799.md = BOJ10799.md
		BOJ10804.md = BOJ10804.md
		BOJ10807.md = BOJ10807.md
		BOJ10808.md = BOJ10808.md
		BOJ10815.md = BOJ10815.md
		BOJ10816.md = BOJ10816.md
		BOJ10828.md = BOJ10828.md
		BOJ10844.md = BOJ10844.md
		BOJ10845.md = BOJ10845.md
		BOJ10866.md = BOJ10866.md
		BOJ10871.md = BOJ10871.md
		BOJ11047.md = BOJ11047.md
		BOJ11048.md = BOJ11048.md
		BOJ11050.md = BOJ11050.md
		BOJ11051.md = BOJ11051.md
		BOJ11052.md = BOJ11052.md
		BOJ11053.md = BOJ11053.md
		BOJ11057.md = BOJ11057.md
		BOJ11279.md = BOJ11279.md
		BOJ11328.md = BOJ11328.md
		BOJ11403.md = BOJ11403.md
		BOJ11404.md = BOJ11404.md
		BOJ1149.md = BOJ1149.md
		BOJ1158.md = BOJ1158.md
		BOJ11653.md = BOJ11653.md
		BOJ11722.md = BOJ11722.md
		BOJ11724.md = BOJ11724.md
		BOJ11725.md = BOJ11725.md
		BOJ11726.md = BOJ11726.md
		BOJ11727.md = BOJ11727.md
		BOJ11728.md = BOJ11728.md
		BOJ11729.md = BOJ11729.md
		BOJ11779.md = BOJ11779.md
		BOJ11780.md = BOJ11780.md
		BOJ1182.md = BOJ1182.md
		BOJ1197.md = BOJ1197.md
		BOJ12100.md = BOJ12100.md
		BOJ1260.md = BOJ1260.md
		BOJ1267.md = BOJ1267.md
		BOJ1309.md = BOJ1309.md
		BOJ13300.md = BOJ13300.md
		BOJ13316.md = BOJ13316.md
		BOJ13335.md = BOJ13335.md
		BOJ1406.md = BOJ1406.md
		BOJ14501.md = BOJ14501.md
		BOJ1463.md = BOJ1463.md
		BOJ1475.md = BOJ1475.md
		BOJ1476.md = BOJ1476.md
		BOJ14888.md = BOJ14888.md
		BOJ14889.md = BOJ14889.md
		BOJ14891.md = BOJ14891.md
		BOJ1495.md = BOJ1495.md
		BOJ1541.md = BOJ1541.md
		BOJ1547.md = BOJ1547.md
		BOJ15649.md = BOJ15649.md
		BOJ15650.md = BOJ15650.md
		BOJ15651.md = BOJ15651.md
		BOJ15652.md = BOJ15652.md
		BOJ15654.md = BOJ15654.md
		BOJ15655.md = BOJ15655.md
		BOJ15656.md = BOJ15656.md
		BOJ15657.md = BOJ15657.md
		BOJ15663.md = BOJ15663.md
		BOJ15664.md = BOJ15664.md
		BOJ15665.md = BOJ15665.md
		BOJ15666.md = BOJ15666.md
		BOJ15683.md = BOJ15683.md
		BOJ15686.md = BOJ15686.md
		BOJ15894.md = BOJ15894.md
		BOJ1629.md = BOJ1629.md
		BOJ16505.md = BOJ16505.md
		BOJ1676.md = BOJ1676.md
		BOJ1697.md = BOJ1697.md
		BOJ16987.md = BOJ16987.md
		BOJ1699.md = BOJ1699.md
		BOJ1722.md = BOJ1722.md
		BOJ17478.md = BOJ17478.md
		BOJ1753.md = BOJ1753.md
		BOJ1764.md = BOJ1764.md
		BOJ1786.md = BOJ1786.md
		BOJ1822.md = BOJ1822.md
		BOJ18258.md = BOJ18258.md
		BOJ1874.md = BOJ1874.md
		BOJ18808.md = BOJ18808.md
		BOJ1890.md = BOJ1890.md
		BOJ1904.md = BOJ1904.md
		BOJ1912.md = BOJ1912.md
		BOJ1919.md = BOJ1919.md
		BOJ1920.md = BOJ1920.md
		BOJ1926.md = BOJ1926.md
		BOJ1927.md = BOJ1927.md
		BOJ1929.md = BOJ1929.md
		BOJ1932.md = BOJ1932.md
		BOJ1965.md = BOJ1965.md
		BOJ1978.md = BOJ1978.md
		BOJ1991.md = BOJ1991.md
		BOJ1992.md = BOJ1992.md
		BOJ2011.md = BOJ2011.md
		BOJ2133.md = BOJ2133.md
		BOJ2156.md = BOJ2156.md
		BOJ2164.md = BOJ2164.md
		BOJ2167.md = BOJ2167.md
		BOJ2178.md = BOJ2178.md
		BOJ2193.md = BOJ2193.md
		BOJ2206.md = BOJ2206.md
		BOJ2252.md = BOJ2252.md
		BOJ2293.md = BOJ2293.md
		BOJ2294.md = BOJ2294.md
		BOJ2302.md = BOJ2302.md
		BOJ2309.md = BOJ2309.md
		BOJ2447.md = BOJ2447.md
		BOJ2448.md = BOJ2448.md
		BOJ2457.md = BOJ2457.md
		BOJ2468.md = BOJ2468.md
		BOJ2480.md = BOJ2480.md
		BOJ2490.md = BOJ2490.md
		BOJ2493.md = BOJ2493.md
		BOJ2501.md = BOJ2501.md
		BOJ2504.md = BOJ2504.md
		BOJ2576.md = BOJ2576.md
		BOJ2579.md = BOJ2579.md
		BOJ2583.md = BOJ2583.md
		BOJ2587.md = BOJ2587.md
		BOJ2606.md = BOJ2606.md
		BOJ2623.md = BOJ2623.md
		BOJ2667.md = BOJ2667.md
		BOJ2752.md = BOJ2752.md
		BOJ2839.md = BOJ2839.md
		BOJ4179.md = BOJ4179.md
		BOJ4889.md = BOJ4889.md
		BOJ4949.md = BOJ4949.md
		BOJ5397.md = BOJ5397.md
		BOJ5430.md = BOJ5430.md
		BOJ5567.md = BOJ5567.md
		BOJ5904.md = BOJ5904.md
		BOJ6064.md = BOJ6064.md
		BOJ6118.md = BOJ6118.md
		BOJ6198.md = BOJ6198.md
		BOJ6359.md = BOJ6359.md
		BOJ6603.md = BOJ6603.md
		BOJ7562.md = BOJ7562.md
		BOJ7569.md = BOJ7569.md
		BOJ7785.md = BOJ7785.md
		BOJ9012.md = BOJ9012.md
		BOJ9095.md = BOJ9095.md
		BOJ9461.md = BOJ9461.md
		BOJ9465.md = BOJ9465.md
		BOJ9466.md = BOJ9466.md
		BOJ9613.md = BOJ9613.md
		BOJ9663.md = BOJ9663.md
	EndProjectSection
EndProject
Global
	GlobalSection(SolutionConfigurationPlatforms) = preSolution
		Debug|x64 = Debug|x64
		Debug|x86 = Debug|x86
		Release|x64 = Release|x64
		Release|x86 = Release|x86
	EndGlobalSection
	GlobalSection(ProjectConfigurationPlatforms) = postSolution
		{A25CE990-F2CC-44AF-9E1F-4D3EEB1440C3}.Debug|x64.ActiveCfg = Debug|x64
		{A25CE990-F2CC-44AF-9E1F-4D3EEB1440C3}.Debug|x64.Build.0 = Debug|x64
		{A25CE990-F2CC-44AF-9E1F-4D3EEB1440C3}.Debug|x86.ActiveCfg = Debug|Win32
		{A25CE990-F2CC-44AF-9E1F-4D3EEB1440C3}.Debug|x86.Build.0 = Debug|Win32
		{A25CE990-F2CC-44AF-9E1F-4D3EEB1440C3}.Release|x64.ActiveCfg = Release|x64
		{A25CE990-F2CC-44AF-9E1F-4D3EEB1440C3}.Release|x64.Build.0 = Release|x64
		{A25CE990-F2CC-44AF-9E1F-4D3EEB1440C3}.Release|x86.ActiveCfg = Release|Win32
		{A25CE990-F2CC-44AF-9E1F-4D3EEB1440C3}.Release|x86.Build.0 = Release|Win32
	EndGlobalSection
	GlobalSection(SolutionProperties) = preSolution
		HideSolutionNode = FALSE
	EndGlobalSection
	GlobalSection(ExtensibilityGlobals) = postSolution
		SolutionGuid = {8C7D2FB0-1505-4668-AFF8-698A3EB0EE07}
	EndGlobalSection
EndGlobal
