
Microsoft Visual Studio Solution File, Format Version 12.00
# Visual Studio Version 16
VisualStudioVersion = 16.0.29709.97
MinimumVisualStudioVersion = 10.0.40219.1
Project("{8BC9CEB8-8B4A-11D0-8D11-00A0C91BC942}") = "HelloWorld", "HelloWorld\HelloWorld.vcxproj", "{A95D4329-C7DB-4F22-AC05-61B4E7E46D45}"
EndProject
Project("{8BC9CEB8-8B4A-11D0-8D11-00A0C91BC942}") = "BOJ1260", "BOJ1260\BOJ1260.vcxproj", "{C110155C-7483-4D48-93D6-86F4EA91D96D}"
EndProject
Project("{8BC9CEB8-8B4A-11D0-8D11-00A0C91BC942}") = "BOJ2667", "BOJ2667\BOJ2667.vcxproj", "{8BF3DD6C-320D-42EE-B403-746409811486}"
EndProject
Project("{8BC9CEB8-8B4A-11D0-8D11-00A0C91BC942}") = "BOJ2178", "BOJ2178\BOJ2178.vcxproj", "{A65E521B-CA9A-4208-A522-775B7EAF9106}"
EndProject
Project("{8BC9CEB8-8B4A-11D0-8D11-00A0C91BC942}") = "BOJ1003", "BOJ1003\BOJ1003.vcxproj", "{FE418A2F-4315-4E3E-BD13-A1F42388557C}"
EndProject
Project("{8BC9CEB8-8B4A-11D0-8D11-00A0C91BC942}") = "BOJ2579", "BOJ2579\BOJ2579.vcxproj", "{3C740E44-ECA9-4744-9231-0F2053040001}"
EndProject
Project("{8BC9CEB8-8B4A-11D0-8D11-00A0C91BC942}") = "BOJ1463", "BOJ1463\BOJ1463.vcxproj", "{EB37FD9F-D9FE-411B-B4FE-299F42678846}"
EndProject
Project("{8BC9CEB8-8B4A-11D0-8D11-00A0C91BC942}") = "BOJ10610", "BOJ10610\BOJ10610.vcxproj", "{679EFDA3-B72C-445A-8161-0F1F30868E50}"
EndProject
Project("{8BC9CEB8-8B4A-11D0-8D11-00A0C91BC942}") = "BOJ1753", "BOJ1753\BOJ1753.vcxproj", "{078E546A-099F-4A7A-A59A-A9B6CEFC8935}"
EndProject
Project("{8BC9CEB8-8B4A-11D0-8D11-00A0C91BC942}") = "BOJ10871", "BOJ10871\BOJ10871.vcxproj", "{EF0C3E04-9D36-45DE-A90E-43A3C318F5D8}"
EndProject
Project("{8BC9CEB8-8B4A-11D0-8D11-00A0C91BC942}") = "BOJ10808", "BOJ10808\BOJ10808.vcxproj", "{3B43D9AA-40DC-4E16-BB72-04FC70477173}"
EndProject
Project("{8BC9CEB8-8B4A-11D0-8D11-00A0C91BC942}") = "BOJ2752", "BOJ2752\BOJ2752.vcxproj", "{88A3F654-BA9A-4726-ACA3-CE562AAEFB8D}"
EndProject
Project("{8BC9CEB8-8B4A-11D0-8D11-00A0C91BC942}") = "BOJ2480", "BOJ2480\BOJ2480.vcxproj", "{4AA30A45-BF52-457B-9ED5-455AED802249}"
EndProject
Project("{8BC9CEB8-8B4A-11D0-8D11-00A0C91BC942}") = "BOJ2490", "BOJ2490\BOJ2490.vcxproj", "{EDB733A4-5211-4FF8-8EB5-705BA0F0D016}"
EndProject
Project("{8BC9CEB8-8B4A-11D0-8D11-00A0C91BC942}") = "BOJ2576", "BOJ2576\BOJ2576.vcxproj", "{7F21CCDC-1AD7-408C-AC82-29365DCC21D8}"
EndProject
Project("{8BC9CEB8-8B4A-11D0-8D11-00A0C91BC942}") = "BOJ2587", "BOJ2587\BOJ2587.vcxproj", "{FC4F9B0D-8D35-4E9C-9811-24D9E6826E39}"
EndProject
Project("{8BC9CEB8-8B4A-11D0-8D11-00A0C91BC942}") = "BOJ2309", "BOJ2309\BOJ2309.vcxproj", "{6F6CADA2-3D9C-4212-848B-DE363DC3E758}"
EndProject
Project("{8BC9CEB8-8B4A-11D0-8D11-00A0C91BC942}") = "BOJ10093", "BOJ10093\BOJ10093.vcxproj", "{B8D49205-6115-4AA2-9986-BA60B69644AE}"
EndProject
Project("{8BC9CEB8-8B4A-11D0-8D11-00A0C91BC942}") = "BOJ1267", "BOJ1267\BOJ1267.vcxproj", "{529EBB8B-FD2E-45C8-AC48-44412299725B}"
EndProject
Project("{8BC9CEB8-8B4A-11D0-8D11-00A0C91BC942}") = "BOJ10804", "BOJ10804\BOJ10804.vcxproj", "{AE9C2E54-9446-47D9-92B4-EF4F82624DAF}"
EndProject
Project("{8BC9CEB8-8B4A-11D0-8D11-00A0C91BC942}") = "BOJ10807", "BOJ10807\BOJ10807.vcxproj", "{3AAFF046-2D03-404A-BC0C-173B782F3741}"
EndProject
Project("{8BC9CEB8-8B4A-11D0-8D11-00A0C91BC942}") = "BOJ11328", "BOJ11328\BOJ11328.vcxproj", "{B7D90717-B861-445E-8EBB-25ADA05384EC}"
EndProject
Project("{8BC9CEB8-8B4A-11D0-8D11-00A0C91BC942}") = "BOJ13300", "BOJ13300\BOJ13300.vcxproj", "{0E7D4C7C-82C3-49F0-89B4-6B2DBF49BE7B}"
EndProject
Project("{8BC9CEB8-8B4A-11D0-8D11-00A0C91BC942}") = "BOJ1475", "BOJ1475\BOJ1475.vcxproj", "{902B1F2A-2A91-44BB-81AD-0218608450DD}"
EndProject
Project("{8BC9CEB8-8B4A-11D0-8D11-00A0C91BC942}") = "BOJ1919", "BOJ1919\BOJ1919.vcxproj", "{6CD79C84-AB84-4ECA-96AE-6C8E195A6D24}"
EndProject
Global
	GlobalSection(SolutionConfigurationPlatforms) = preSolution
		Debug|x64 = Debug|x64
		Debug|x86 = Debug|x86
		Release|x64 = Release|x64
		Release|x86 = Release|x86
	EndGlobalSection
	GlobalSection(ProjectConfigurationPlatforms) = postSolution
		{A95D4329-C7DB-4F22-AC05-61B4E7E46D45}.Debug|x64.ActiveCfg = Debug|x64
		{A95D4329-C7DB-4F22-AC05-61B4E7E46D45}.Debug|x64.Build.0 = Debug|x64
		{A95D4329-C7DB-4F22-AC05-61B4E7E46D45}.Debug|x86.ActiveCfg = Debug|Win32
		{A95D4329-C7DB-4F22-AC05-61B4E7E46D45}.Debug|x86.Build.0 = Debug|Win32
		{A95D4329-C7DB-4F22-AC05-61B4E7E46D45}.Release|x64.ActiveCfg = Release|x64
		{A95D4329-C7DB-4F22-AC05-61B4E7E46D45}.Release|x64.Build.0 = Release|x64
		{A95D4329-C7DB-4F22-AC05-61B4E7E46D45}.Release|x86.ActiveCfg = Release|Win32
		{A95D4329-C7DB-4F22-AC05-61B4E7E46D45}.Release|x86.Build.0 = Release|Win32
		{C110155C-7483-4D48-93D6-86F4EA91D96D}.Debug|x64.ActiveCfg = Debug|x64
		{C110155C-7483-4D48-93D6-86F4EA91D96D}.Debug|x64.Build.0 = Debug|x64
		{C110155C-7483-4D48-93D6-86F4EA91D96D}.Debug|x86.ActiveCfg = Debug|Win32
		{C110155C-7483-4D48-93D6-86F4EA91D96D}.Debug|x86.Build.0 = Debug|Win32
		{C110155C-7483-4D48-93D6-86F4EA91D96D}.Release|x64.ActiveCfg = Release|x64
		{C110155C-7483-4D48-93D6-86F4EA91D96D}.Release|x64.Build.0 = Release|x64
		{C110155C-7483-4D48-93D6-86F4EA91D96D}.Release|x86.ActiveCfg = Release|Win32
		{C110155C-7483-4D48-93D6-86F4EA91D96D}.Release|x86.Build.0 = Release|Win32
		{8BF3DD6C-320D-42EE-B403-746409811486}.Debug|x64.ActiveCfg = Debug|x64
		{8BF3DD6C-320D-42EE-B403-746409811486}.Debug|x64.Build.0 = Debug|x64
		{8BF3DD6C-320D-42EE-B403-746409811486}.Debug|x86.ActiveCfg = Debug|Win32
		{8BF3DD6C-320D-42EE-B403-746409811486}.Debug|x86.Build.0 = Debug|Win32
		{8BF3DD6C-320D-42EE-B403-746409811486}.Release|x64.ActiveCfg = Release|x64
		{8BF3DD6C-320D-42EE-B403-746409811486}.Release|x64.Build.0 = Release|x64
		{8BF3DD6C-320D-42EE-B403-746409811486}.Release|x86.ActiveCfg = Release|Win32
		{8BF3DD6C-320D-42EE-B403-746409811486}.Release|x86.Build.0 = Release|Win32
		{A65E521B-CA9A-4208-A522-775B7EAF9106}.Debug|x64.ActiveCfg = Debug|x64
		{A65E521B-CA9A-4208-A522-775B7EAF9106}.Debug|x64.Build.0 = Debug|x64
		{A65E521B-CA9A-4208-A522-775B7EAF9106}.Debug|x86.ActiveCfg = Debug|Win32
		{A65E521B-CA9A-4208-A522-775B7EAF9106}.Debug|x86.Build.0 = Debug|Win32
		{A65E521B-CA9A-4208-A522-775B7EAF9106}.Release|x64.ActiveCfg = Release|x64
		{A65E521B-CA9A-4208-A522-775B7EAF9106}.Release|x64.Build.0 = Release|x64
		{A65E521B-CA9A-4208-A522-775B7EAF9106}.Release|x86.ActiveCfg = Release|Win32
		{A65E521B-CA9A-4208-A522-775B7EAF9106}.Release|x86.Build.0 = Release|Win32
		{FE418A2F-4315-4E3E-BD13-A1F42388557C}.Debug|x64.ActiveCfg = Debug|x64
		{FE418A2F-4315-4E3E-BD13-A1F42388557C}.Debug|x64.Build.0 = Debug|x64
		{FE418A2F-4315-4E3E-BD13-A1F42388557C}.Debug|x86.ActiveCfg = Debug|Win32
		{FE418A2F-4315-4E3E-BD13-A1F42388557C}.Debug|x86.Build.0 = Debug|Win32
		{FE418A2F-4315-4E3E-BD13-A1F42388557C}.Release|x64.ActiveCfg = Release|x64
		{FE418A2F-4315-4E3E-BD13-A1F42388557C}.Release|x64.Build.0 = Release|x64
		{FE418A2F-4315-4E3E-BD13-A1F42388557C}.Release|x86.ActiveCfg = Release|Win32
		{FE418A2F-4315-4E3E-BD13-A1F42388557C}.Release|x86.Build.0 = Release|Win32
		{3C740E44-ECA9-4744-9231-0F2053040001}.Debug|x64.ActiveCfg = Debug|x64
		{3C740E44-ECA9-4744-9231-0F2053040001}.Debug|x64.Build.0 = Debug|x64
		{3C740E44-ECA9-4744-9231-0F2053040001}.Debug|x86.ActiveCfg = Debug|Win32
		{3C740E44-ECA9-4744-9231-0F2053040001}.Debug|x86.Build.0 = Debug|Win32
		{3C740E44-ECA9-4744-9231-0F2053040001}.Release|x64.ActiveCfg = Release|x64
		{3C740E44-ECA9-4744-9231-0F2053040001}.Release|x64.Build.0 = Release|x64
		{3C740E44-ECA9-4744-9231-0F2053040001}.Release|x86.ActiveCfg = Release|Win32
		{3C740E44-ECA9-4744-9231-0F2053040001}.Release|x86.Build.0 = Release|Win32
		{EB37FD9F-D9FE-411B-B4FE-299F42678846}.Debug|x64.ActiveCfg = Debug|x64
		{EB37FD9F-D9FE-411B-B4FE-299F42678846}.Debug|x64.Build.0 = Debug|x64
		{EB37FD9F-D9FE-411B-B4FE-299F42678846}.Debug|x86.ActiveCfg = Debug|Win32
		{EB37FD9F-D9FE-411B-B4FE-299F42678846}.Debug|x86.Build.0 = Debug|Win32
		{EB37FD9F-D9FE-411B-B4FE-299F42678846}.Release|x64.ActiveCfg = Release|x64
		{EB37FD9F-D9FE-411B-B4FE-299F42678846}.Release|x64.Build.0 = Release|x64
		{EB37FD9F-D9FE-411B-B4FE-299F42678846}.Release|x86.ActiveCfg = Release|Win32
		{EB37FD9F-D9FE-411B-B4FE-299F42678846}.Release|x86.Build.0 = Release|Win32
		{679EFDA3-B72C-445A-8161-0F1F30868E50}.Debug|x64.ActiveCfg = Debug|x64
		{679EFDA3-B72C-445A-8161-0F1F30868E50}.Debug|x64.Build.0 = Debug|x64
		{679EFDA3-B72C-445A-8161-0F1F30868E50}.Debug|x86.ActiveCfg = Debug|Win32
		{679EFDA3-B72C-445A-8161-0F1F30868E50}.Debug|x86.Build.0 = Debug|Win32
		{679EFDA3-B72C-445A-8161-0F1F30868E50}.Release|x64.ActiveCfg = Release|x64
		{679EFDA3-B72C-445A-8161-0F1F30868E50}.Release|x64.Build.0 = Release|x64
		{679EFDA3-B72C-445A-8161-0F1F30868E50}.Release|x86.ActiveCfg = Release|Win32
		{679EFDA3-B72C-445A-8161-0F1F30868E50}.Release|x86.Build.0 = Release|Win32
		{078E546A-099F-4A7A-A59A-A9B6CEFC8935}.Debug|x64.ActiveCfg = Debug|x64
		{078E546A-099F-4A7A-A59A-A9B6CEFC8935}.Debug|x64.Build.0 = Debug|x64
		{078E546A-099F-4A7A-A59A-A9B6CEFC8935}.Debug|x86.ActiveCfg = Debug|Win32
		{078E546A-099F-4A7A-A59A-A9B6CEFC8935}.Debug|x86.Build.0 = Debug|Win32
		{078E546A-099F-4A7A-A59A-A9B6CEFC8935}.Release|x64.ActiveCfg = Release|x64
		{078E546A-099F-4A7A-A59A-A9B6CEFC8935}.Release|x64.Build.0 = Release|x64
		{078E546A-099F-4A7A-A59A-A9B6CEFC8935}.Release|x86.ActiveCfg = Release|Win32
		{078E546A-099F-4A7A-A59A-A9B6CEFC8935}.Release|x86.Build.0 = Release|Win32
		{EF0C3E04-9D36-45DE-A90E-43A3C318F5D8}.Debug|x64.ActiveCfg = Debug|x64
		{EF0C3E04-9D36-45DE-A90E-43A3C318F5D8}.Debug|x64.Build.0 = Debug|x64
		{EF0C3E04-9D36-45DE-A90E-43A3C318F5D8}.Debug|x86.ActiveCfg = Debug|Win32
		{EF0C3E04-9D36-45DE-A90E-43A3C318F5D8}.Debug|x86.Build.0 = Debug|Win32
		{EF0C3E04-9D36-45DE-A90E-43A3C318F5D8}.Release|x64.ActiveCfg = Release|x64
		{EF0C3E04-9D36-45DE-A90E-43A3C318F5D8}.Release|x64.Build.0 = Release|x64
		{EF0C3E04-9D36-45DE-A90E-43A3C318F5D8}.Release|x86.ActiveCfg = Release|Win32
		{EF0C3E04-9D36-45DE-A90E-43A3C318F5D8}.Release|x86.Build.0 = Release|Win32
		{3B43D9AA-40DC-4E16-BB72-04FC70477173}.Debug|x64.ActiveCfg = Debug|x64
		{3B43D9AA-40DC-4E16-BB72-04FC70477173}.Debug|x64.Build.0 = Debug|x64
		{3B43D9AA-40DC-4E16-BB72-04FC70477173}.Debug|x86.ActiveCfg = Debug|Win32
		{3B43D9AA-40DC-4E16-BB72-04FC70477173}.Debug|x86.Build.0 = Debug|Win32
		{3B43D9AA-40DC-4E16-BB72-04FC70477173}.Release|x64.ActiveCfg = Release|x64
		{3B43D9AA-40DC-4E16-BB72-04FC70477173}.Release|x64.Build.0 = Release|x64
		{3B43D9AA-40DC-4E16-BB72-04FC70477173}.Release|x86.ActiveCfg = Release|Win32
		{3B43D9AA-40DC-4E16-BB72-04FC70477173}.Release|x86.Build.0 = Release|Win32
		{88A3F654-BA9A-4726-ACA3-CE562AAEFB8D}.Debug|x64.ActiveCfg = Debug|x64
		{88A3F654-BA9A-4726-ACA3-CE562AAEFB8D}.Debug|x64.Build.0 = Debug|x64
		{88A3F654-BA9A-4726-ACA3-CE562AAEFB8D}.Debug|x86.ActiveCfg = Debug|Win32
		{88A3F654-BA9A-4726-ACA3-CE562AAEFB8D}.Debug|x86.Build.0 = Debug|Win32
		{88A3F654-BA9A-4726-ACA3-CE562AAEFB8D}.Release|x64.ActiveCfg = Release|x64
		{88A3F654-BA9A-4726-ACA3-CE562AAEFB8D}.Release|x64.Build.0 = Release|x64
		{88A3F654-BA9A-4726-ACA3-CE562AAEFB8D}.Release|x86.ActiveCfg = Release|Win32
		{88A3F654-BA9A-4726-ACA3-CE562AAEFB8D}.Release|x86.Build.0 = Release|Win32
		{4AA30A45-BF52-457B-9ED5-455AED802249}.Debug|x64.ActiveCfg = Debug|x64
		{4AA30A45-BF52-457B-9ED5-455AED802249}.Debug|x64.Build.0 = Debug|x64
		{4AA30A45-BF52-457B-9ED5-455AED802249}.Debug|x86.ActiveCfg = Debug|Win32
		{4AA30A45-BF52-457B-9ED5-455AED802249}.Debug|x86.Build.0 = Debug|Win32
		{4AA30A45-BF52-457B-9ED5-455AED802249}.Release|x64.ActiveCfg = Release|x64
		{4AA30A45-BF52-457B-9ED5-455AED802249}.Release|x64.Build.0 = Release|x64
		{4AA30A45-BF52-457B-9ED5-455AED802249}.Release|x86.ActiveCfg = Release|Win32
		{4AA30A45-BF52-457B-9ED5-455AED802249}.Release|x86.Build.0 = Release|Win32
		{EDB733A4-5211-4FF8-8EB5-705BA0F0D016}.Debug|x64.ActiveCfg = Debug|x64
		{EDB733A4-5211-4FF8-8EB5-705BA0F0D016}.Debug|x64.Build.0 = Debug|x64
		{EDB733A4-5211-4FF8-8EB5-705BA0F0D016}.Debug|x86.ActiveCfg = Debug|Win32
		{EDB733A4-5211-4FF8-8EB5-705BA0F0D016}.Debug|x86.Build.0 = Debug|Win32
		{EDB733A4-5211-4FF8-8EB5-705BA0F0D016}.Release|x64.ActiveCfg = Release|x64
		{EDB733A4-5211-4FF8-8EB5-705BA0F0D016}.Release|x64.Build.0 = Release|x64
		{EDB733A4-5211-4FF8-8EB5-705BA0F0D016}.Release|x86.ActiveCfg = Release|Win32
		{EDB733A4-5211-4FF8-8EB5-705BA0F0D016}.Release|x86.Build.0 = Release|Win32
		{7F21CCDC-1AD7-408C-AC82-29365DCC21D8}.Debug|x64.ActiveCfg = Debug|x64
		{7F21CCDC-1AD7-408C-AC82-29365DCC21D8}.Debug|x64.Build.0 = Debug|x64
		{7F21CCDC-1AD7-408C-AC82-29365DCC21D8}.Debug|x86.ActiveCfg = Debug|Win32
		{7F21CCDC-1AD7-408C-AC82-29365DCC21D8}.Debug|x86.Build.0 = Debug|Win32
		{7F21CCDC-1AD7-408C-AC82-29365DCC21D8}.Release|x64.ActiveCfg = Release|x64
		{7F21CCDC-1AD7-408C-AC82-29365DCC21D8}.Release|x64.Build.0 = Release|x64
		{7F21CCDC-1AD7-408C-AC82-29365DCC21D8}.Release|x86.ActiveCfg = Release|Win32
		{7F21CCDC-1AD7-408C-AC82-29365DCC21D8}.Release|x86.Build.0 = Release|Win32
		{FC4F9B0D-8D35-4E9C-9811-24D9E6826E39}.Debug|x64.ActiveCfg = Debug|x64
		{FC4F9B0D-8D35-4E9C-9811-24D9E6826E39}.Debug|x64.Build.0 = Debug|x64
		{FC4F9B0D-8D35-4E9C-9811-24D9E6826E39}.Debug|x86.ActiveCfg = Debug|Win32
		{FC4F9B0D-8D35-4E9C-9811-24D9E6826E39}.Debug|x86.Build.0 = Debug|Win32
		{FC4F9B0D-8D35-4E9C-9811-24D9E6826E39}.Release|x64.ActiveCfg = Release|x64
		{FC4F9B0D-8D35-4E9C-9811-24D9E6826E39}.Release|x64.Build.0 = Release|x64
		{FC4F9B0D-8D35-4E9C-9811-24D9E6826E39}.Release|x86.ActiveCfg = Release|Win32
		{FC4F9B0D-8D35-4E9C-9811-24D9E6826E39}.Release|x86.Build.0 = Release|Win32
		{6F6CADA2-3D9C-4212-848B-DE363DC3E758}.Debug|x64.ActiveCfg = Debug|x64
		{6F6CADA2-3D9C-4212-848B-DE363DC3E758}.Debug|x64.Build.0 = Debug|x64
		{6F6CADA2-3D9C-4212-848B-DE363DC3E758}.Debug|x86.ActiveCfg = Debug|Win32
		{6F6CADA2-3D9C-4212-848B-DE363DC3E758}.Debug|x86.Build.0 = Debug|Win32
		{6F6CADA2-3D9C-4212-848B-DE363DC3E758}.Release|x64.ActiveCfg = Release|x64
		{6F6CADA2-3D9C-4212-848B-DE363DC3E758}.Release|x64.Build.0 = Release|x64
		{6F6CADA2-3D9C-4212-848B-DE363DC3E758}.Release|x86.ActiveCfg = Release|Win32
		{6F6CADA2-3D9C-4212-848B-DE363DC3E758}.Release|x86.Build.0 = Release|Win32
		{B8D49205-6115-4AA2-9986-BA60B69644AE}.Debug|x64.ActiveCfg = Debug|x64
		{B8D49205-6115-4AA2-9986-BA60B69644AE}.Debug|x64.Build.0 = Debug|x64
		{B8D49205-6115-4AA2-9986-BA60B69644AE}.Debug|x86.ActiveCfg = Debug|Win32
		{B8D49205-6115-4AA2-9986-BA60B69644AE}.Debug|x86.Build.0 = Debug|Win32
		{B8D49205-6115-4AA2-9986-BA60B69644AE}.Release|x64.ActiveCfg = Release|x64
		{B8D49205-6115-4AA2-9986-BA60B69644AE}.Release|x64.Build.0 = Release|x64
		{B8D49205-6115-4AA2-9986-BA60B69644AE}.Release|x86.ActiveCfg = Release|Win32
		{B8D49205-6115-4AA2-9986-BA60B69644AE}.Release|x86.Build.0 = Release|Win32
		{529EBB8B-FD2E-45C8-AC48-44412299725B}.Debug|x64.ActiveCfg = Debug|x64
		{529EBB8B-FD2E-45C8-AC48-44412299725B}.Debug|x64.Build.0 = Debug|x64
		{529EBB8B-FD2E-45C8-AC48-44412299725B}.Debug|x86.ActiveCfg = Debug|Win32
		{529EBB8B-FD2E-45C8-AC48-44412299725B}.Debug|x86.Build.0 = Debug|Win32
		{529EBB8B-FD2E-45C8-AC48-44412299725B}.Release|x64.ActiveCfg = Release|x64
		{529EBB8B-FD2E-45C8-AC48-44412299725B}.Release|x64.Build.0 = Release|x64
		{529EBB8B-FD2E-45C8-AC48-44412299725B}.Release|x86.ActiveCfg = Release|Win32
		{529EBB8B-FD2E-45C8-AC48-44412299725B}.Release|x86.Build.0 = Release|Win32
		{AE9C2E54-9446-47D9-92B4-EF4F82624DAF}.Debug|x64.ActiveCfg = Debug|x64
		{AE9C2E54-9446-47D9-92B4-EF4F82624DAF}.Debug|x64.Build.0 = Debug|x64
		{AE9C2E54-9446-47D9-92B4-EF4F82624DAF}.Debug|x86.ActiveCfg = Debug|Win32
		{AE9C2E54-9446-47D9-92B4-EF4F82624DAF}.Debug|x86.Build.0 = Debug|Win32
		{AE9C2E54-9446-47D9-92B4-EF4F82624DAF}.Release|x64.ActiveCfg = Release|x64
		{AE9C2E54-9446-47D9-92B4-EF4F82624DAF}.Release|x64.Build.0 = Release|x64
		{AE9C2E54-9446-47D9-92B4-EF4F82624DAF}.Release|x86.ActiveCfg = Release|Win32
		{AE9C2E54-9446-47D9-92B4-EF4F82624DAF}.Release|x86.Build.0 = Release|Win32
		{3AAFF046-2D03-404A-BC0C-173B782F3741}.Debug|x64.ActiveCfg = Debug|x64
		{3AAFF046-2D03-404A-BC0C-173B782F3741}.Debug|x64.Build.0 = Debug|x64
		{3AAFF046-2D03-404A-BC0C-173B782F3741}.Debug|x86.ActiveCfg = Debug|Win32
		{3AAFF046-2D03-404A-BC0C-173B782F3741}.Debug|x86.Build.0 = Debug|Win32
		{3AAFF046-2D03-404A-BC0C-173B782F3741}.Release|x64.ActiveCfg = Release|x64
		{3AAFF046-2D03-404A-BC0C-173B782F3741}.Release|x64.Build.0 = Release|x64
		{3AAFF046-2D03-404A-BC0C-173B782F3741}.Release|x86.ActiveCfg = Release|Win32
		{3AAFF046-2D03-404A-BC0C-173B782F3741}.Release|x86.Build.0 = Release|Win32
		{B7D90717-B861-445E-8EBB-25ADA05384EC}.Debug|x64.ActiveCfg = Debug|x64
		{B7D90717-B861-445E-8EBB-25ADA05384EC}.Debug|x64.Build.0 = Debug|x64
		{B7D90717-B861-445E-8EBB-25ADA05384EC}.Debug|x86.ActiveCfg = Debug|Win32
		{B7D90717-B861-445E-8EBB-25ADA05384EC}.Debug|x86.Build.0 = Debug|Win32
		{B7D90717-B861-445E-8EBB-25ADA05384EC}.Release|x64.ActiveCfg = Release|x64
		{B7D90717-B861-445E-8EBB-25ADA05384EC}.Release|x64.Build.0 = Release|x64
		{B7D90717-B861-445E-8EBB-25ADA05384EC}.Release|x86.ActiveCfg = Release|Win32
		{B7D90717-B861-445E-8EBB-25ADA05384EC}.Release|x86.Build.0 = Release|Win32
		{0E7D4C7C-82C3-49F0-89B4-6B2DBF49BE7B}.Debug|x64.ActiveCfg = Debug|x64
		{0E7D4C7C-82C3-49F0-89B4-6B2DBF49BE7B}.Debug|x64.Build.0 = Debug|x64
		{0E7D4C7C-82C3-49F0-89B4-6B2DBF49BE7B}.Debug|x86.ActiveCfg = Debug|Win32
		{0E7D4C7C-82C3-49F0-89B4-6B2DBF49BE7B}.Debug|x86.Build.0 = Debug|Win32
		{0E7D4C7C-82C3-49F0-89B4-6B2DBF49BE7B}.Release|x64.ActiveCfg = Release|x64
		{0E7D4C7C-82C3-49F0-89B4-6B2DBF49BE7B}.Release|x64.Build.0 = Release|x64
		{0E7D4C7C-82C3-49F0-89B4-6B2DBF49BE7B}.Release|x86.ActiveCfg = Release|Win32
		{0E7D4C7C-82C3-49F0-89B4-6B2DBF49BE7B}.Release|x86.Build.0 = Release|Win32
		{902B1F2A-2A91-44BB-81AD-0218608450DD}.Debug|x64.ActiveCfg = Debug|x64
		{902B1F2A-2A91-44BB-81AD-0218608450DD}.Debug|x64.Build.0 = Debug|x64
		{902B1F2A-2A91-44BB-81AD-0218608450DD}.Debug|x86.ActiveCfg = Debug|Win32
		{902B1F2A-2A91-44BB-81AD-0218608450DD}.Debug|x86.Build.0 = Debug|Win32
		{902B1F2A-2A91-44BB-81AD-0218608450DD}.Release|x64.ActiveCfg = Release|x64
		{902B1F2A-2A91-44BB-81AD-0218608450DD}.Release|x64.Build.0 = Release|x64
		{902B1F2A-2A91-44BB-81AD-0218608450DD}.Release|x86.ActiveCfg = Release|Win32
		{902B1F2A-2A91-44BB-81AD-0218608450DD}.Release|x86.Build.0 = Release|Win32
		{6CD79C84-AB84-4ECA-96AE-6C8E195A6D24}.Debug|x64.ActiveCfg = Debug|x64
		{6CD79C84-AB84-4ECA-96AE-6C8E195A6D24}.Debug|x64.Build.0 = Debug|x64
		{6CD79C84-AB84-4ECA-96AE-6C8E195A6D24}.Debug|x86.ActiveCfg = Debug|Win32
		{6CD79C84-AB84-4ECA-96AE-6C8E195A6D24}.Debug|x86.Build.0 = Debug|Win32
		{6CD79C84-AB84-4ECA-96AE-6C8E195A6D24}.Release|x64.ActiveCfg = Release|x64
		{6CD79C84-AB84-4ECA-96AE-6C8E195A6D24}.Release|x64.Build.0 = Release|x64
		{6CD79C84-AB84-4ECA-96AE-6C8E195A6D24}.Release|x86.ActiveCfg = Release|Win32
		{6CD79C84-AB84-4ECA-96AE-6C8E195A6D24}.Release|x86.Build.0 = Release|Win32
	EndGlobalSection
	GlobalSection(SolutionProperties) = preSolution
		HideSolutionNode = FALSE
	EndGlobalSection
	GlobalSection(ExtensibilityGlobals) = postSolution
		SolutionGuid = {8C7D2FB0-1505-4668-AFF8-698A3EB0EE07}
	EndGlobalSection
EndGlobal
